
Microsoft Visual Studio Solution File, Format Version 12.00
# Visual Studio Version 17
VisualStudioVersion = 17.8.34302.71
MinimumVisualStudioVersion = 10.0.40219.1
Project("{8BC9CEB8-8B4A-11D0-8D11-00A0C91BC942}") = "QtWidgetsApplication1", "QtWidgetsApplication1\QtWidgetsApplication1.vcxproj", "{5E7713EB-86A6-4290-8887-FC354020A5F5}"
EndProject
Project("{8BC9CEB8-8B4A-11D0-8D11-00A0C91BC942}") = "Sample-Test1", "Sample-Test1\Sample-Test1.vcxproj", "{7A56E4A4-14AF-49D0-81F7-C01A88CB63DD}"
EndProject
Global
	GlobalSection(SolutionConfigurationPlatforms) = preSolution
		Debug|x64 = Debug|x64
		Debug|x86 = Debug|x86
		Release|x64 = Release|x64
		Release|x86 = Release|x86
	EndGlobalSection
	GlobalSection(ProjectConfigurationPlatforms) = postSolution
		{5E7713EB-86A6-4290-8887-FC354020A5F5}.Debug|x64.ActiveCfg = Debug|x64
		{5E7713EB-86A6-4290-8887-FC354020A5F5}.Debug|x64.Build.0 = Debug|x64
		{5E7713EB-86A6-4290-8887-FC354020A5F5}.Debug|x86.ActiveCfg = Debug|x64
		{5E7713EB-86A6-4290-8887-FC354020A5F5}.Debug|x86.Build.0 = Debug|x64
		{5E7713EB-86A6-4290-8887-FC354020A5F5}.Release|x64.ActiveCfg = Release|x64
		{5E7713EB-86A6-4290-8887-FC354020A5F5}.Release|x64.Build.0 = Release|x64
		{5E7713EB-86A6-4290-8887-FC354020A5F5}.Release|x86.ActiveCfg = Release|x64
		{5E7713EB-86A6-4290-8887-FC354020A5F5}.Release|x86.Build.0 = Release|x64
		{7A56E4A4-14AF-49D0-81F7-C01A88CB63DD}.Debug|x64.ActiveCfg = Debug|x64
		{7A56E4A4-14AF-49D0-81F7-C01A88CB63DD}.Debug|x64.Build.0 = Debug|x64
		{7A56E4A4-14AF-49D0-81F7-C01A88CB63DD}.Debug|x86.ActiveCfg = Debug|Win32
		{7A56E4A4-14AF-49D0-81F7-C01A88CB63DD}.Debug|x86.Build.0 = Debug|Win32
		{7A56E4A4-14AF-49D0-81F7-C01A88CB63DD}.Release|x64.ActiveCfg = Release|x64
		{7A56E4A4-14AF-49D0-81F7-C01A88CB63DD}.Release|x64.Build.0 = Release|x64
		{7A56E4A4-14AF-49D0-81F7-C01A88CB63DD}.Release|x86.ActiveCfg = Release|Win32
		{7A56E4A4-14AF-49D0-81F7-C01A88CB63DD}.Release|x86.Build.0 = Release|Win32
	EndGlobalSection
	GlobalSection(SolutionProperties) = preSolution
		HideSolutionNode = FALSE
	EndGlobalSection
	GlobalSection(ExtensibilityGlobals) = postSolution
		SolutionGuid = {56535C7A-615D-4B89-8598-C1BADF02C698}
	EndGlobalSection
EndGlobal
